
Microsoft Visual Studio Solution File, Format Version 12.00
# Visual Studio Version 17
VisualStudioVersion = 17.5.33530.505
MinimumVisualStudioVersion = 10.0.40219.1
Project("{FAE04EC0-301F-11D3-BF4B-00C04F79EFBC}") = "Asynchronus real time exp", "Asynchronus real time exp\Asynchronus real time exp.csproj", "{DE9B6057-B26A-492B-A74F-8D4EC5F2D812}"
EndProject
Global
	GlobalSection(SolutionConfigurationPlatforms) = preSolution
		Debug|Any CPU = Debug|Any CPU
		Release|Any CPU = Release|Any CPU
	EndGlobalSection
	GlobalSection(ProjectConfigurationPlatforms) = postSolution
		{DE9B6057-B26A-492B-A74F-8D4EC5F2D812}.Debug|Any CPU.ActiveCfg = Debug|Any CPU
		{DE9B6057-B26A-492B-A74F-8D4EC5F2D812}.Debug|Any CPU.Build.0 = Debug|Any CPU
		{DE9B6057-B26A-492B-A74F-8D4EC5F2D812}.Release|Any CPU.ActiveCfg = Release|Any CPU
		{DE9B6057-B26A-492B-A74F-8D4EC5F2D812}.Release|Any CPU.Build.0 = Release|Any CPU
	EndGlobalSection
	GlobalSection(SolutionProperties) = preSolution
		HideSolutionNode = FALSE
	EndGlobalSection
	GlobalSection(ExtensibilityGlobals) = postSolution
		SolutionGuid = {4A6F2387-E299-45BE-A410-F8BAA4578A53}
	EndGlobalSection
EndGlobal
