
Microsoft Visual Studio Solution File, Format Version 12.00
# Visual Studio Version 17
VisualStudioVersion = 17.6.33723.286
MinimumVisualStudioVersion = 10.0.40219.1
Project("{FAE04EC0-301F-11D3-BF4B-00C04F79EFBC}") = "Weird", "Weird\Weird.csproj", "{DEB098EC-9BFC-492A-AE4B-E1F540FF36AF}"
EndProject
Global
	GlobalSection(SolutionConfigurationPlatforms) = preSolution
		Debug|Any CPU = Debug|Any CPU
		Release|Any CPU = Release|Any CPU
	EndGlobalSection
	GlobalSection(ProjectConfigurationPlatforms) = postSolution
		{DEB098EC-9BFC-492A-AE4B-E1F540FF36AF}.Debug|Any CPU.ActiveCfg = Debug|Any CPU
		{DEB098EC-9BFC-492A-AE4B-E1F540FF36AF}.Debug|Any CPU.Build.0 = Debug|Any CPU
		{DEB098EC-9BFC-492A-AE4B-E1F540FF36AF}.Release|Any CPU.ActiveCfg = Release|Any CPU
		{DEB098EC-9BFC-492A-AE4B-E1F540FF36AF}.Release|Any CPU.Build.0 = Release|Any CPU
	EndGlobalSection
	GlobalSection(SolutionProperties) = preSolution
		HideSolutionNode = FALSE
	EndGlobalSection
	GlobalSection(ExtensibilityGlobals) = postSolution
		SolutionGuid = {CDB74F6F-28E5-454A-AAED-BD2C9C5D6B1F}
	EndGlobalSection
EndGlobal
