
Microsoft Visual Studio Solution File, Format Version 12.00
# Visual Studio Version 17
VisualStudioVersion = 17.5.33516.290
MinimumVisualStudioVersion = 10.0.40219.1
Project("{FAE04EC0-301F-11D3-BF4B-00C04F79EFBC}") = "vowels an cons", "vowels an cons\vowels an cons.csproj", "{6B64DDDA-464A-4A2F-A1A3-EEC7E180A3F3}"
EndProject
Global
	GlobalSection(SolutionConfigurationPlatforms) = preSolution
		Debug|Any CPU = Debug|Any CPU
		Release|Any CPU = Release|Any CPU
	EndGlobalSection
	GlobalSection(ProjectConfigurationPlatforms) = postSolution
		{6B64DDDA-464A-4A2F-A1A3-EEC7E180A3F3}.Debug|Any CPU.ActiveCfg = Debug|Any CPU
		{6B64DDDA-464A-4A2F-A1A3-EEC7E180A3F3}.Debug|Any CPU.Build.0 = Debug|Any CPU
		{6B64DDDA-464A-4A2F-A1A3-EEC7E180A3F3}.Release|Any CPU.ActiveCfg = Release|Any CPU
		{6B64DDDA-464A-4A2F-A1A3-EEC7E180A3F3}.Release|Any CPU.Build.0 = Release|Any CPU
	EndGlobalSection
	GlobalSection(SolutionProperties) = preSolution
		HideSolutionNode = FALSE
	EndGlobalSection
	GlobalSection(ExtensibilityGlobals) = postSolution
		SolutionGuid = {5E03D0A6-175A-4A8B-8F7E-0E739383CFC3}
	EndGlobalSection
EndGlobal
