
Microsoft Visual Studio Solution File, Format Version 12.00
# Visual Studio Version 17
VisualStudioVersion = 17.5.33530.505
MinimumVisualStudioVersion = 10.0.40219.1
Project("{FAE04EC0-301F-11D3-BF4B-00C04F79EFBC}") = "Bank accoint less tha", "Bank accoint less tha\Bank accoint less tha.csproj", "{FE670D66-11BE-4149-88B1-95E64214170D}"
EndProject
Global
	GlobalSection(SolutionConfigurationPlatforms) = preSolution
		Debug|Any CPU = Debug|Any CPU
		Release|Any CPU = Release|Any CPU
	EndGlobalSection
	GlobalSection(ProjectConfigurationPlatforms) = postSolution
		{FE670D66-11BE-4149-88B1-95E64214170D}.Debug|Any CPU.ActiveCfg = Debug|Any CPU
		{FE670D66-11BE-4149-88B1-95E64214170D}.Debug|Any CPU.Build.0 = Debug|Any CPU
		{FE670D66-11BE-4149-88B1-95E64214170D}.Release|Any CPU.ActiveCfg = Release|Any CPU
		{FE670D66-11BE-4149-88B1-95E64214170D}.Release|Any CPU.Build.0 = Release|Any CPU
	EndGlobalSection
	GlobalSection(SolutionProperties) = preSolution
		HideSolutionNode = FALSE
	EndGlobalSection
	GlobalSection(ExtensibilityGlobals) = postSolution
		SolutionGuid = {AC6A73D5-7C57-495D-B711-A36248C4671E}
	EndGlobalSection
EndGlobal
