
Microsoft Visual Studio Solution File, Format Version 12.00
# Visual Studio Version 17
VisualStudioVersion = 17.5.33516.290
MinimumVisualStudioVersion = 10.0.40219.1
Project("{FAE04EC0-301F-11D3-BF4B-00C04F79EFBC}") = "Sort array", "Sort array\Sort array.csproj", "{B94A0033-E3E8-4607-9F48-D7685FA8BDDF}"
EndProject
Global
	GlobalSection(SolutionConfigurationPlatforms) = preSolution
		Debug|Any CPU = Debug|Any CPU
		Release|Any CPU = Release|Any CPU
	EndGlobalSection
	GlobalSection(ProjectConfigurationPlatforms) = postSolution
		{B94A0033-E3E8-4607-9F48-D7685FA8BDDF}.Debug|Any CPU.ActiveCfg = Debug|Any CPU
		{B94A0033-E3E8-4607-9F48-D7685FA8BDDF}.Debug|Any CPU.Build.0 = Debug|Any CPU
		{B94A0033-E3E8-4607-9F48-D7685FA8BDDF}.Release|Any CPU.ActiveCfg = Release|Any CPU
		{B94A0033-E3E8-4607-9F48-D7685FA8BDDF}.Release|Any CPU.Build.0 = Release|Any CPU
	EndGlobalSection
	GlobalSection(SolutionProperties) = preSolution
		HideSolutionNode = FALSE
	EndGlobalSection
	GlobalSection(ExtensibilityGlobals) = postSolution
		SolutionGuid = {EA1175B6-6636-4FFB-8E14-E019BF298F51}
	EndGlobalSection
EndGlobal
