
Microsoft Visual Studio Solution File, Format Version 12.00
# Visual Studio Version 17
VisualStudioVersion = 17.5.33530.505
MinimumVisualStudioVersion = 10.0.40219.1
Project("{FAE04EC0-301F-11D3-BF4B-00C04F79EFBC}") = "1D ArrayLeap", "1D ArrayLeap\1D ArrayLeap.csproj", "{E825177E-55EB-411C-B181-D8AEF5E296AD}"
EndProject
Global
	GlobalSection(SolutionConfigurationPlatforms) = preSolution
		Debug|Any CPU = Debug|Any CPU
		Release|Any CPU = Release|Any CPU
	EndGlobalSection
	GlobalSection(ProjectConfigurationPlatforms) = postSolution
		{E825177E-55EB-411C-B181-D8AEF5E296AD}.Debug|Any CPU.ActiveCfg = Debug|Any CPU
		{E825177E-55EB-411C-B181-D8AEF5E296AD}.Debug|Any CPU.Build.0 = Debug|Any CPU
		{E825177E-55EB-411C-B181-D8AEF5E296AD}.Release|Any CPU.ActiveCfg = Release|Any CPU
		{E825177E-55EB-411C-B181-D8AEF5E296AD}.Release|Any CPU.Build.0 = Release|Any CPU
	EndGlobalSection
	GlobalSection(SolutionProperties) = preSolution
		HideSolutionNode = FALSE
	EndGlobalSection
	GlobalSection(ExtensibilityGlobals) = postSolution
		SolutionGuid = {BC084EC3-E054-467B-9C28-DD021D1D4D55}
	EndGlobalSection
EndGlobal
