
Microsoft Visual Studio Solution File, Format Version 12.00
# Visual Studio Version 17
VisualStudioVersion = 17.5.33530.505
MinimumVisualStudioVersion = 10.0.40219.1
Project("{FAE04EC0-301F-11D3-BF4B-00C04F79EFBC}") = "Requirement 3", "Requirement 3\Requirement 3.csproj", "{D17A486A-9E1A-4EE8-A4D6-301DD7AC25D9}"
EndProject
Global
	GlobalSection(SolutionConfigurationPlatforms) = preSolution
		Debug|Any CPU = Debug|Any CPU
		Release|Any CPU = Release|Any CPU
	EndGlobalSection
	GlobalSection(ProjectConfigurationPlatforms) = postSolution
		{D17A486A-9E1A-4EE8-A4D6-301DD7AC25D9}.Debug|Any CPU.ActiveCfg = Debug|Any CPU
		{D17A486A-9E1A-4EE8-A4D6-301DD7AC25D9}.Debug|Any CPU.Build.0 = Debug|Any CPU
		{D17A486A-9E1A-4EE8-A4D6-301DD7AC25D9}.Release|Any CPU.ActiveCfg = Release|Any CPU
		{D17A486A-9E1A-4EE8-A4D6-301DD7AC25D9}.Release|Any CPU.Build.0 = Release|Any CPU
	EndGlobalSection
	GlobalSection(SolutionProperties) = preSolution
		HideSolutionNode = FALSE
	EndGlobalSection
	GlobalSection(ExtensibilityGlobals) = postSolution
		SolutionGuid = {AE63B403-8919-4758-AC9F-DD94F3C6C58C}
	EndGlobalSection
EndGlobal
