
Microsoft Visual Studio Solution File, Format Version 12.00
# Visual Studio Version 17
VisualStudioVersion = 17.5.33530.505
MinimumVisualStudioVersion = 10.0.40219.1
Project("{FAE04EC0-301F-11D3-BF4B-00C04F79EFBC}") = "Requirement 3", "Requirement 3\Requirement 3.csproj", "{FBD6E37C-CD76-4F77-AF7E-107D32AC12EC}"
EndProject
Global
	GlobalSection(SolutionConfigurationPlatforms) = preSolution
		Debug|Any CPU = Debug|Any CPU
		Release|Any CPU = Release|Any CPU
	EndGlobalSection
	GlobalSection(ProjectConfigurationPlatforms) = postSolution
		{FBD6E37C-CD76-4F77-AF7E-107D32AC12EC}.Debug|Any CPU.ActiveCfg = Debug|Any CPU
		{FBD6E37C-CD76-4F77-AF7E-107D32AC12EC}.Debug|Any CPU.Build.0 = Debug|Any CPU
		{FBD6E37C-CD76-4F77-AF7E-107D32AC12EC}.Release|Any CPU.ActiveCfg = Release|Any CPU
		{FBD6E37C-CD76-4F77-AF7E-107D32AC12EC}.Release|Any CPU.Build.0 = Release|Any CPU
	EndGlobalSection
	GlobalSection(SolutionProperties) = preSolution
		HideSolutionNode = FALSE
	EndGlobalSection
	GlobalSection(ExtensibilityGlobals) = postSolution
		SolutionGuid = {5C792E6B-5F85-4666-AE79-99F1B06A9E67}
	EndGlobalSection
EndGlobal
