
Microsoft Visual Studio Solution File, Format Version 12.00
# Visual Studio Version 17
VisualStudioVersion = 17.5.33530.505
MinimumVisualStudioVersion = 10.0.40219.1
Project("{FAE04EC0-301F-11D3-BF4B-00C04F79EFBC}") = "ReacterDemo", "ReacterDemo\ReacterDemo.csproj", "{CF65980E-54CD-4DD9-A888-59820B9D0CC9}"
EndProject
Global
	GlobalSection(SolutionConfigurationPlatforms) = preSolution
		Debug|Any CPU = Debug|Any CPU
		Release|Any CPU = Release|Any CPU
	EndGlobalSection
	GlobalSection(ProjectConfigurationPlatforms) = postSolution
		{CF65980E-54CD-4DD9-A888-59820B9D0CC9}.Debug|Any CPU.ActiveCfg = Debug|Any CPU
		{CF65980E-54CD-4DD9-A888-59820B9D0CC9}.Debug|Any CPU.Build.0 = Debug|Any CPU
		{CF65980E-54CD-4DD9-A888-59820B9D0CC9}.Release|Any CPU.ActiveCfg = Release|Any CPU
		{CF65980E-54CD-4DD9-A888-59820B9D0CC9}.Release|Any CPU.Build.0 = Release|Any CPU
	EndGlobalSection
	GlobalSection(SolutionProperties) = preSolution
		HideSolutionNode = FALSE
	EndGlobalSection
	GlobalSection(ExtensibilityGlobals) = postSolution
		SolutionGuid = {54945AFB-9483-47E1-893C-C56DCBD81DAB}
	EndGlobalSection
EndGlobal
