
Microsoft Visual Studio Solution File, Format Version 12.00
# Visual Studio Version 17
VisualStudioVersion = 17.5.33516.290
MinimumVisualStudioVersion = 10.0.40219.1
Project("{FAE04EC0-301F-11D3-BF4B-00C04F79EFBC}") = "atm", "Progra\atm.csproj", "{4BF8B9E2-6ADE-448E-92F9-E0C44DD58C4A}"
EndProject
Global
	GlobalSection(SolutionConfigurationPlatforms) = preSolution
		Debug|Any CPU = Debug|Any CPU
		Release|Any CPU = Release|Any CPU
	EndGlobalSection
	GlobalSection(ProjectConfigurationPlatforms) = postSolution
		{4BF8B9E2-6ADE-448E-92F9-E0C44DD58C4A}.Debug|Any CPU.ActiveCfg = Debug|Any CPU
		{4BF8B9E2-6ADE-448E-92F9-E0C44DD58C4A}.Debug|Any CPU.Build.0 = Debug|Any CPU
		{4BF8B9E2-6ADE-448E-92F9-E0C44DD58C4A}.Release|Any CPU.ActiveCfg = Release|Any CPU
		{4BF8B9E2-6ADE-448E-92F9-E0C44DD58C4A}.Release|Any CPU.Build.0 = Release|Any CPU
	EndGlobalSection
	GlobalSection(SolutionProperties) = preSolution
		HideSolutionNode = FALSE
	EndGlobalSection
	GlobalSection(ExtensibilityGlobals) = postSolution
		SolutionGuid = {BABFC26F-51C2-40FE-A708-ECB7C63D7E05}
	EndGlobalSection
EndGlobal
