
Microsoft Visual Studio Solution File, Format Version 12.00
# Visual Studio Version 17
VisualStudioVersion = 17.6.33723.286
MinimumVisualStudioVersion = 10.0.40219.1
Project("{FAE04EC0-301F-11D3-BF4B-00C04F79EFBC}") = "Biginteger", "Biginteger\Biginteger.csproj", "{970BB6DD-9FE3-4DFA-B31B-0A4A4C871245}"
EndProject
Global
	GlobalSection(SolutionConfigurationPlatforms) = preSolution
		Debug|Any CPU = Debug|Any CPU
		Release|Any CPU = Release|Any CPU
	EndGlobalSection
	GlobalSection(ProjectConfigurationPlatforms) = postSolution
		{970BB6DD-9FE3-4DFA-B31B-0A4A4C871245}.Debug|Any CPU.ActiveCfg = Debug|Any CPU
		{970BB6DD-9FE3-4DFA-B31B-0A4A4C871245}.Debug|Any CPU.Build.0 = Debug|Any CPU
		{970BB6DD-9FE3-4DFA-B31B-0A4A4C871245}.Release|Any CPU.ActiveCfg = Release|Any CPU
		{970BB6DD-9FE3-4DFA-B31B-0A4A4C871245}.Release|Any CPU.Build.0 = Release|Any CPU
	EndGlobalSection
	GlobalSection(SolutionProperties) = preSolution
		HideSolutionNode = FALSE
	EndGlobalSection
	GlobalSection(ExtensibilityGlobals) = postSolution
		SolutionGuid = {CEC3C964-93C0-4889-A105-73FACB4ECF71}
	EndGlobalSection
EndGlobal
