
Microsoft Visual Studio Solution File, Format Version 12.00
# Visual Studio Version 17
VisualStudioVersion = 17.5.33530.505
MinimumVisualStudioVersion = 10.0.40219.1
Project("{FAE04EC0-301F-11D3-BF4B-00C04F79EFBC}") = "Car pooling requirement 5", "Car pooling requirement 5\Car pooling requirement 5.csproj", "{3A27E70D-2BB7-4995-93CF-5EF6333F784C}"
EndProject
Global
	GlobalSection(SolutionConfigurationPlatforms) = preSolution
		Debug|Any CPU = Debug|Any CPU
		Release|Any CPU = Release|Any CPU
	EndGlobalSection
	GlobalSection(ProjectConfigurationPlatforms) = postSolution
		{3A27E70D-2BB7-4995-93CF-5EF6333F784C}.Debug|Any CPU.ActiveCfg = Debug|Any CPU
		{3A27E70D-2BB7-4995-93CF-5EF6333F784C}.Debug|Any CPU.Build.0 = Debug|Any CPU
		{3A27E70D-2BB7-4995-93CF-5EF6333F784C}.Release|Any CPU.ActiveCfg = Release|Any CPU
		{3A27E70D-2BB7-4995-93CF-5EF6333F784C}.Release|Any CPU.Build.0 = Release|Any CPU
	EndGlobalSection
	GlobalSection(SolutionProperties) = preSolution
		HideSolutionNode = FALSE
	EndGlobalSection
	GlobalSection(ExtensibilityGlobals) = postSolution
		SolutionGuid = {0E671E7C-9E8D-4A4B-B876-C9F71A857D80}
	EndGlobalSection
EndGlobal
