
Microsoft Visual Studio Solution File, Format Version 12.00
# Visual Studio Version 17
VisualStudioVersion = 17.5.33530.505
MinimumVisualStudioVersion = 10.0.40219.1
Project("{FAE04EC0-301F-11D3-BF4B-00C04F79EFBC}") = "Empdem", "Empdem\Empdem.csproj", "{5254B3FD-7F8C-4591-BFA7-0092B910BF7A}"
EndProject
Global
	GlobalSection(SolutionConfigurationPlatforms) = preSolution
		Debug|Any CPU = Debug|Any CPU
		Release|Any CPU = Release|Any CPU
	EndGlobalSection
	GlobalSection(ProjectConfigurationPlatforms) = postSolution
		{5254B3FD-7F8C-4591-BFA7-0092B910BF7A}.Debug|Any CPU.ActiveCfg = Debug|Any CPU
		{5254B3FD-7F8C-4591-BFA7-0092B910BF7A}.Debug|Any CPU.Build.0 = Debug|Any CPU
		{5254B3FD-7F8C-4591-BFA7-0092B910BF7A}.Release|Any CPU.ActiveCfg = Release|Any CPU
		{5254B3FD-7F8C-4591-BFA7-0092B910BF7A}.Release|Any CPU.Build.0 = Release|Any CPU
	EndGlobalSection
	GlobalSection(SolutionProperties) = preSolution
		HideSolutionNode = FALSE
	EndGlobalSection
	GlobalSection(ExtensibilityGlobals) = postSolution
		SolutionGuid = {B5FE791B-4752-476E-B7C6-2E08CBD297A6}
	EndGlobalSection
EndGlobal
